
Microsoft Visual Studio Solution File, Format Version 12.00
# Visual Studio Version 16
VisualStudioVersion = 16.0.30804.86
MinimumVisualStudioVersion = 10.0.40219.1
Project("{FAE04EC0-301F-11D3-BF4B-00C04F79EFBC}") = "Task01", "Task01\Task01.csproj", "{B6D08D9F-830C-4B23-9030-82887F215080}"
EndProject
Project("{FAE04EC0-301F-11D3-BF4B-00C04F79EFBC}") = "Task02", "Task02\Task02.csproj", "{95830E72-A31F-47A4-A0E0-8FEE305CA8A6}"
EndProject
Project("{FAE04EC0-301F-11D3-BF4B-00C04F79EFBC}") = "Task03", "Task03\Task03.csproj", "{FA1589BB-B78C-4EAC-83E2-CCD6EC43440E}"
EndProject
Global
	GlobalSection(SolutionConfigurationPlatforms) = preSolution
		Debug|Any CPU = Debug|Any CPU
		Release|Any CPU = Release|Any CPU
	EndGlobalSection
	GlobalSection(ProjectConfigurationPlatforms) = postSolution
		{B6D08D9F-830C-4B23-9030-82887F215080}.Debug|Any CPU.ActiveCfg = Debug|Any CPU
		{B6D08D9F-830C-4B23-9030-82887F215080}.Debug|Any CPU.Build.0 = Debug|Any CPU
		{B6D08D9F-830C-4B23-9030-82887F215080}.Release|Any CPU.ActiveCfg = Release|Any CPU
		{B6D08D9F-830C-4B23-9030-82887F215080}.Release|Any CPU.Build.0 = Release|Any CPU
		{95830E72-A31F-47A4-A0E0-8FEE305CA8A6}.Debug|Any CPU.ActiveCfg = Debug|Any CPU
		{95830E72-A31F-47A4-A0E0-8FEE305CA8A6}.Debug|Any CPU.Build.0 = Debug|Any CPU
		{95830E72-A31F-47A4-A0E0-8FEE305CA8A6}.Release|Any CPU.ActiveCfg = Release|Any CPU
		{95830E72-A31F-47A4-A0E0-8FEE305CA8A6}.Release|Any CPU.Build.0 = Release|Any CPU
		{FA1589BB-B78C-4EAC-83E2-CCD6EC43440E}.Debug|Any CPU.ActiveCfg = Debug|Any CPU
		{FA1589BB-B78C-4EAC-83E2-CCD6EC43440E}.Debug|Any CPU.Build.0 = Debug|Any CPU
		{FA1589BB-B78C-4EAC-83E2-CCD6EC43440E}.Release|Any CPU.ActiveCfg = Release|Any CPU
		{FA1589BB-B78C-4EAC-83E2-CCD6EC43440E}.Release|Any CPU.Build.0 = Release|Any CPU
	EndGlobalSection
	GlobalSection(SolutionProperties) = preSolution
		HideSolutionNode = FALSE
	EndGlobalSection
	GlobalSection(ExtensibilityGlobals) = postSolution
		SolutionGuid = {1F280107-333D-490A-99E6-71634C8B4283}
	EndGlobalSection
EndGlobal
